
Microsoft Visual Studio Solution File, Format Version 12.00
# Visual Studio Version 17
VisualStudioVersion = 17.5.002.0
MinimumVisualStudioVersion = 10.0.40219.1
Project("{9A19103F-16F7-4668-BE54-9A1E7A4F7556}") = "EventApiDemo", "EventApiDemo.csproj", "{4816ABC7-C859-4ED5-8F8E-91B1786F30BA}"
EndProject
Global
	GlobalSection(SolutionConfigurationPlatforms) = preSolution
		Debug|Any CPU = Debug|Any CPU
		Release|Any CPU = Release|Any CPU
	EndGlobalSection
	GlobalSection(ProjectConfigurationPlatforms) = postSolution
		{4816ABC7-C859-4ED5-8F8E-91B1786F30BA}.Debug|Any CPU.ActiveCfg = Debug|Any CPU
		{4816ABC7-C859-4ED5-8F8E-91B1786F30BA}.Debug|Any CPU.Build.0 = Debug|Any CPU
		{4816ABC7-C859-4ED5-8F8E-91B1786F30BA}.Release|Any CPU.ActiveCfg = Release|Any CPU
		{4816ABC7-C859-4ED5-8F8E-91B1786F30BA}.Release|Any CPU.Build.0 = Release|Any CPU
	EndGlobalSection
	GlobalSection(SolutionProperties) = preSolution
		HideSolutionNode = FALSE
	EndGlobalSection
	GlobalSection(ExtensibilityGlobals) = postSolution
		SolutionGuid = {72FCCF1C-CBB9-419D-BE90-B7A132980D8B}
	EndGlobalSection
EndGlobal
